
Microsoft Visual Studio Solution File, Format Version 12.00
# Visual Studio 14
VisualStudioVersion = 14.0.24720.0
MinimumVisualStudioVersion = 10.0.40219.1
Project("{2150E333-8FDC-42A3-9474-1A3956D46DE8}") = "src", "src", "{1E880CEB-4394-4573-B546-EC0BD84F55D6}"
EndProject
Project("{2150E333-8FDC-42A3-9474-1A3956D46DE8}") = "Solution Items", "Solution Items", "{478B45B5-5E9B-4C07-94E9-935A59C7189B}"
	ProjectSection(SolutionItems) = preProject
		global.json = global.json
	EndProjectSection
EndProject
Project("{8BB2217D-0F2D-49D1-97BC-3654ED321F3B}") = "p6.sports", "src\p6.sports\p6.sports.xproj", "{680C6674-C44F-4C7A-8C3B-C64A6428689B}"
EndProject
Project("{8BB2217D-0F2D-49D1-97BC-3654ED321F3B}") = "p6.animals", "src\p6.animals\p6.animals.xproj", "{F7F14A8F-7DA2-47D4-8FB4-B81B20C51E8E}"
EndProject
Project("{8BB2217D-0F2D-49D1-97BC-3654ED321F3B}") = "Pingo.Core", "src\Pingo.Core\Pingo.Core.xproj", "{5DB7DAE1-413B-481F-8ED6-C9C6356C21E6}"
EndProject
Project("{8BB2217D-0F2D-49D1-97BC-3654ED321F3B}") = "Pingo.Filters", "src\Pingo.Filters\Pingo.Filters.xproj", "{BA4FB0EF-D6D6-4F78-9CB5-2FDB433E8263}"
EndProject
Project("{8BB2217D-0F2D-49D1-97BC-3654ED321F3B}") = "WebApplication1", "src\WebApplication1\WebApplication1.xproj", "{467510A6-BB10-4BBE-B05B-0E3C1C8DB285}"
EndProject
Project("{8BB2217D-0F2D-49D1-97BC-3654ED321F3B}") = "Pingo.Authorization", "src\Pingo.Authorization\Pingo.Authorization.xproj", "{82E2B353-2F8F-4AF3-9348-B38D84D27B4F}"
EndProject
Project("{8BB2217D-0F2D-49D1-97BC-3654ED321F3B}") = "p6.main", "src\p6.main\p6.main.xproj", "{659669E3-70AD-4AA7-B526-DBB46C38DA49}"
EndProject
Project("{8BB2217D-0F2D-49D1-97BC-3654ED321F3B}") = "Pingo.AspNetCore.Authentication.Developer", "src\Pingo.AspNetCore.Authentication.Developer\Pingo.AspNetCore.Authentication.Developer.xproj", "{E295FC22-CD3A-4CEC-9C39-FC4E8DCA781B}"
EndProject
Project("{8BB2217D-0F2D-49D1-97BC-3654ED321F3B}") = "TwitterAuth", "src\TwitterAuth\TwitterAuth.xproj", "{4DC1C029-D7F0-4CFE-99DD-F39FA40F64BA}"
EndProject
Global
	GlobalSection(SolutionConfigurationPlatforms) = preSolution
		Debug|Any CPU = Debug|Any CPU
		Release|Any CPU = Release|Any CPU
	EndGlobalSection
	GlobalSection(ProjectConfigurationPlatforms) = postSolution
		{680C6674-C44F-4C7A-8C3B-C64A6428689B}.Debug|Any CPU.ActiveCfg = Debug|Any CPU
		{680C6674-C44F-4C7A-8C3B-C64A6428689B}.Debug|Any CPU.Build.0 = Debug|Any CPU
		{680C6674-C44F-4C7A-8C3B-C64A6428689B}.Release|Any CPU.ActiveCfg = Release|Any CPU
		{680C6674-C44F-4C7A-8C3B-C64A6428689B}.Release|Any CPU.Build.0 = Release|Any CPU
		{F7F14A8F-7DA2-47D4-8FB4-B81B20C51E8E}.Debug|Any CPU.ActiveCfg = Debug|Any CPU
		{F7F14A8F-7DA2-47D4-8FB4-B81B20C51E8E}.Debug|Any CPU.Build.0 = Debug|Any CPU
		{F7F14A8F-7DA2-47D4-8FB4-B81B20C51E8E}.Release|Any CPU.ActiveCfg = Release|Any CPU
		{F7F14A8F-7DA2-47D4-8FB4-B81B20C51E8E}.Release|Any CPU.Build.0 = Release|Any CPU
		{5DB7DAE1-413B-481F-8ED6-C9C6356C21E6}.Debug|Any CPU.ActiveCfg = Debug|Any CPU
		{5DB7DAE1-413B-481F-8ED6-C9C6356C21E6}.Debug|Any CPU.Build.0 = Debug|Any CPU
		{5DB7DAE1-413B-481F-8ED6-C9C6356C21E6}.Release|Any CPU.ActiveCfg = Release|Any CPU
		{5DB7DAE1-413B-481F-8ED6-C9C6356C21E6}.Release|Any CPU.Build.0 = Release|Any CPU
		{BA4FB0EF-D6D6-4F78-9CB5-2FDB433E8263}.Debug|Any CPU.ActiveCfg = Debug|Any CPU
		{BA4FB0EF-D6D6-4F78-9CB5-2FDB433E8263}.Debug|Any CPU.Build.0 = Debug|Any CPU
		{BA4FB0EF-D6D6-4F78-9CB5-2FDB433E8263}.Release|Any CPU.ActiveCfg = Release|Any CPU
		{BA4FB0EF-D6D6-4F78-9CB5-2FDB433E8263}.Release|Any CPU.Build.0 = Release|Any CPU
		{467510A6-BB10-4BBE-B05B-0E3C1C8DB285}.Debug|Any CPU.ActiveCfg = Debug|Any CPU
		{467510A6-BB10-4BBE-B05B-0E3C1C8DB285}.Debug|Any CPU.Build.0 = Debug|Any CPU
		{467510A6-BB10-4BBE-B05B-0E3C1C8DB285}.Release|Any CPU.ActiveCfg = Release|Any CPU
		{467510A6-BB10-4BBE-B05B-0E3C1C8DB285}.Release|Any CPU.Build.0 = Release|Any CPU
		{82E2B353-2F8F-4AF3-9348-B38D84D27B4F}.Debug|Any CPU.ActiveCfg = Debug|Any CPU
		{82E2B353-2F8F-4AF3-9348-B38D84D27B4F}.Debug|Any CPU.Build.0 = Debug|Any CPU
		{82E2B353-2F8F-4AF3-9348-B38D84D27B4F}.Release|Any CPU.ActiveCfg = Release|Any CPU
		{82E2B353-2F8F-4AF3-9348-B38D84D27B4F}.Release|Any CPU.Build.0 = Release|Any CPU
		{659669E3-70AD-4AA7-B526-DBB46C38DA49}.Debug|Any CPU.ActiveCfg = Debug|Any CPU
		{659669E3-70AD-4AA7-B526-DBB46C38DA49}.Debug|Any CPU.Build.0 = Debug|Any CPU
		{659669E3-70AD-4AA7-B526-DBB46C38DA49}.Release|Any CPU.ActiveCfg = Release|Any CPU
		{659669E3-70AD-4AA7-B526-DBB46C38DA49}.Release|Any CPU.Build.0 = Release|Any CPU
		{E295FC22-CD3A-4CEC-9C39-FC4E8DCA781B}.Debug|Any CPU.ActiveCfg = Debug|Any CPU
		{E295FC22-CD3A-4CEC-9C39-FC4E8DCA781B}.Debug|Any CPU.Build.0 = Debug|Any CPU
		{E295FC22-CD3A-4CEC-9C39-FC4E8DCA781B}.Release|Any CPU.ActiveCfg = Release|Any CPU
		{E295FC22-CD3A-4CEC-9C39-FC4E8DCA781B}.Release|Any CPU.Build.0 = Release|Any CPU
		{4DC1C029-D7F0-4CFE-99DD-F39FA40F64BA}.Debug|Any CPU.ActiveCfg = Debug|Any CPU
		{4DC1C029-D7F0-4CFE-99DD-F39FA40F64BA}.Debug|Any CPU.Build.0 = Debug|Any CPU
		{4DC1C029-D7F0-4CFE-99DD-F39FA40F64BA}.Release|Any CPU.ActiveCfg = Release|Any CPU
		{4DC1C029-D7F0-4CFE-99DD-F39FA40F64BA}.Release|Any CPU.Build.0 = Release|Any CPU
	EndGlobalSection
	GlobalSection(SolutionProperties) = preSolution
		HideSolutionNode = FALSE
	EndGlobalSection
	GlobalSection(NestedProjects) = preSolution
		{680C6674-C44F-4C7A-8C3B-C64A6428689B} = {1E880CEB-4394-4573-B546-EC0BD84F55D6}
		{F7F14A8F-7DA2-47D4-8FB4-B81B20C51E8E} = {1E880CEB-4394-4573-B546-EC0BD84F55D6}
		{5DB7DAE1-413B-481F-8ED6-C9C6356C21E6} = {1E880CEB-4394-4573-B546-EC0BD84F55D6}
		{BA4FB0EF-D6D6-4F78-9CB5-2FDB433E8263} = {1E880CEB-4394-4573-B546-EC0BD84F55D6}
		{467510A6-BB10-4BBE-B05B-0E3C1C8DB285} = {1E880CEB-4394-4573-B546-EC0BD84F55D6}
		{82E2B353-2F8F-4AF3-9348-B38D84D27B4F} = {1E880CEB-4394-4573-B546-EC0BD84F55D6}
		{659669E3-70AD-4AA7-B526-DBB46C38DA49} = {1E880CEB-4394-4573-B546-EC0BD84F55D6}
		{E295FC22-CD3A-4CEC-9C39-FC4E8DCA781B} = {1E880CEB-4394-4573-B546-EC0BD84F55D6}
		{4DC1C029-D7F0-4CFE-99DD-F39FA40F64BA} = {1E880CEB-4394-4573-B546-EC0BD84F55D6}
	EndGlobalSection
EndGlobal
