
Microsoft Visual Studio Solution File, Format Version 12.00
# Visual Studio 14
VisualStudioVersion = 14.0.24720.0
MinimumVisualStudioVersion = 10.0.40219.1
Project("{2150E333-8FDC-42A3-9474-1A3956D46DE8}") = "src", "src", "{1E880CEB-4394-4573-B546-EC0BD84F55D6}"
EndProject
Project("{2150E333-8FDC-42A3-9474-1A3956D46DE8}") = "Solution Items", "Solution Items", "{478B45B5-5E9B-4C07-94E9-935A59C7189B}"
	ProjectSection(SolutionItems) = preProject
		global.json = global.json
	EndProjectSection
EndProject
Project("{8BB2217D-0F2D-49D1-97BC-3654ED321F3B}") = "Jan2016Web", "src\Jan2016Web\Jan2016Web.xproj", "{B7F430D7-5AFD-4EDB-9F42-28901AB99C95}"
EndProject
Project("{8BB2217D-0F2D-49D1-97BC-3654ED321F3B}") = "p6.sports", "src\p6.sports\p6.sports.xproj", "{680C6674-C44F-4C7A-8C3B-C64A6428689B}"
EndProject
Global
	GlobalSection(SolutionConfigurationPlatforms) = preSolution
		Debug|Any CPU = Debug|Any CPU
		Release|Any CPU = Release|Any CPU
	EndGlobalSection
	GlobalSection(ProjectConfigurationPlatforms) = postSolution
		{B7F430D7-5AFD-4EDB-9F42-28901AB99C95}.Debug|Any CPU.ActiveCfg = Debug|Any CPU
		{B7F430D7-5AFD-4EDB-9F42-28901AB99C95}.Debug|Any CPU.Build.0 = Debug|Any CPU
		{B7F430D7-5AFD-4EDB-9F42-28901AB99C95}.Release|Any CPU.ActiveCfg = Release|Any CPU
		{B7F430D7-5AFD-4EDB-9F42-28901AB99C95}.Release|Any CPU.Build.0 = Release|Any CPU
		{680C6674-C44F-4C7A-8C3B-C64A6428689B}.Debug|Any CPU.ActiveCfg = Debug|Any CPU
		{680C6674-C44F-4C7A-8C3B-C64A6428689B}.Debug|Any CPU.Build.0 = Debug|Any CPU
		{680C6674-C44F-4C7A-8C3B-C64A6428689B}.Release|Any CPU.ActiveCfg = Release|Any CPU
		{680C6674-C44F-4C7A-8C3B-C64A6428689B}.Release|Any CPU.Build.0 = Release|Any CPU
	EndGlobalSection
	GlobalSection(SolutionProperties) = preSolution
		HideSolutionNode = FALSE
	EndGlobalSection
	GlobalSection(NestedProjects) = preSolution
		{B7F430D7-5AFD-4EDB-9F42-28901AB99C95} = {1E880CEB-4394-4573-B546-EC0BD84F55D6}
		{680C6674-C44F-4C7A-8C3B-C64A6428689B} = {1E880CEB-4394-4573-B546-EC0BD84F55D6}
	EndGlobalSection
EndGlobal
